
Microsoft Visual Studio Solution File, Format Version 12.00
# Visual Studio 2012
Project("{FAE04EC0-301F-11D3-BF4B-00C04F79EFBC}") = "MuonKit.W3cValidationClient", "MuonKit.W3cValidationClient\MuonKit.W3cValidationClient.csproj", "{94A4598E-D45C-4EAC-B25E-94DFCABBF078}"
EndProject
Project("{FAE04EC0-301F-11D3-BF4B-00C04F79EFBC}") = "MuonKit.W3cValidationClient.Test", "MuonKit.W3cValidationClient.Test\MuonKit.W3cValidationClient.Test.csproj", "{1B832796-D076-4B6A-9B9E-46FA961F0E1D}"
EndProject
Global
	GlobalSection(SolutionConfigurationPlatforms) = preSolution
		Debug|Any CPU = Debug|Any CPU
		Release|Any CPU = Release|Any CPU
	EndGlobalSection
	GlobalSection(ProjectConfigurationPlatforms) = postSolution
		{1B832796-D076-4B6A-9B9E-46FA961F0E1D}.Debug|Any CPU.ActiveCfg = Debug|Any CPU
		{1B832796-D076-4B6A-9B9E-46FA961F0E1D}.Debug|Any CPU.Build.0 = Debug|Any CPU
		{1B832796-D076-4B6A-9B9E-46FA961F0E1D}.Release|Any CPU.ActiveCfg = Release|Any CPU
		{1B832796-D076-4B6A-9B9E-46FA961F0E1D}.Release|Any CPU.Build.0 = Release|Any CPU
		{94A4598E-D45C-4EAC-B25E-94DFCABBF078}.Debug|Any CPU.ActiveCfg = Debug|Any CPU
		{94A4598E-D45C-4EAC-B25E-94DFCABBF078}.Debug|Any CPU.Build.0 = Debug|Any CPU
		{94A4598E-D45C-4EAC-B25E-94DFCABBF078}.Release|Any CPU.ActiveCfg = Release|Any CPU
		{94A4598E-D45C-4EAC-B25E-94DFCABBF078}.Release|Any CPU.Build.0 = Release|Any CPU
	EndGlobalSection
EndGlobal
